
Microsoft Visual Studio Solution File, Format Version 12.00
# Visual Studio Version 16
VisualStudioVersion = 16.0.32407.337
MinimumVisualStudioVersion = 10.0.40219.1
Project("{FAE04EC0-301F-11D3-BF4B-00C04F79EFBC}") = "TresNumerosOrdemCrescente", "TresNumerosOrdemCrescente\TresNumerosOrdemCrescente.csproj", "{9A17A95E-245E-43F5-ABE8-53FF1044AE7D}"
EndProject
Global
	GlobalSection(SolutionConfigurationPlatforms) = preSolution
		Debug|Any CPU = Debug|Any CPU
		Release|Any CPU = Release|Any CPU
	EndGlobalSection
	GlobalSection(ProjectConfigurationPlatforms) = postSolution
		{9A17A95E-245E-43F5-ABE8-53FF1044AE7D}.Debug|Any CPU.ActiveCfg = Debug|Any CPU
		{9A17A95E-245E-43F5-ABE8-53FF1044AE7D}.Debug|Any CPU.Build.0 = Debug|Any CPU
		{9A17A95E-245E-43F5-ABE8-53FF1044AE7D}.Release|Any CPU.ActiveCfg = Release|Any CPU
		{9A17A95E-245E-43F5-ABE8-53FF1044AE7D}.Release|Any CPU.Build.0 = Release|Any CPU
	EndGlobalSection
	GlobalSection(SolutionProperties) = preSolution
		HideSolutionNode = FALSE
	EndGlobalSection
	GlobalSection(ExtensibilityGlobals) = postSolution
		SolutionGuid = {79177864-DB2B-46C9-B22E-5222210B9C14}
	EndGlobalSection
EndGlobal
