
Microsoft Visual Studio Solution File, Format Version 12.00
# Visual Studio Version 16
VisualStudioVersion = 16.0.32407.337
MinimumVisualStudioVersion = 10.0.40219.1
Project("{FAE04EC0-301F-11D3-BF4B-00C04F79EFBC}") = "WebApplication6", "WebApplication6\WebApplication6.csproj", "{D0FF1713-DD65-4E5F-A09A-6603C33DBF0C}"
EndProject
Global
	GlobalSection(SolutionConfigurationPlatforms) = preSolution
		Debug|Any CPU = Debug|Any CPU
		Release|Any CPU = Release|Any CPU
	EndGlobalSection
	GlobalSection(ProjectConfigurationPlatforms) = postSolution
		{D0FF1713-DD65-4E5F-A09A-6603C33DBF0C}.Debug|Any CPU.ActiveCfg = Debug|Any CPU
		{D0FF1713-DD65-4E5F-A09A-6603C33DBF0C}.Debug|Any CPU.Build.0 = Debug|Any CPU
		{D0FF1713-DD65-4E5F-A09A-6603C33DBF0C}.Release|Any CPU.ActiveCfg = Release|Any CPU
		{D0FF1713-DD65-4E5F-A09A-6603C33DBF0C}.Release|Any CPU.Build.0 = Release|Any CPU
	EndGlobalSection
	GlobalSection(SolutionProperties) = preSolution
		HideSolutionNode = FALSE
	EndGlobalSection
	GlobalSection(ExtensibilityGlobals) = postSolution
		SolutionGuid = {F121177F-BD8F-44E1-ABC9-81854044541E}
	EndGlobalSection
EndGlobal
