
Microsoft Visual Studio Solution File, Format Version 12.00
# Visual Studio Version 16
VisualStudioVersion = 16.0.32407.337
MinimumVisualStudioVersion = 10.0.40219.1
Project("{FAE04EC0-301F-11D3-BF4B-00C04F79EFBC}") = "frontEnd", "frontEnd\frontEnd.csproj", "{9E83E79F-B381-47EA-9561-3D6FFC3C401A}"
EndProject
Global
	GlobalSection(SolutionConfigurationPlatforms) = preSolution
		Debug|Any CPU = Debug|Any CPU
		Release|Any CPU = Release|Any CPU
	EndGlobalSection
	GlobalSection(ProjectConfigurationPlatforms) = postSolution
		{9E83E79F-B381-47EA-9561-3D6FFC3C401A}.Debug|Any CPU.ActiveCfg = Debug|Any CPU
		{9E83E79F-B381-47EA-9561-3D6FFC3C401A}.Debug|Any CPU.Build.0 = Debug|Any CPU
		{9E83E79F-B381-47EA-9561-3D6FFC3C401A}.Release|Any CPU.ActiveCfg = Release|Any CPU
		{9E83E79F-B381-47EA-9561-3D6FFC3C401A}.Release|Any CPU.Build.0 = Release|Any CPU
	EndGlobalSection
	GlobalSection(SolutionProperties) = preSolution
		HideSolutionNode = FALSE
	EndGlobalSection
	GlobalSection(ExtensibilityGlobals) = postSolution
		SolutionGuid = {744D031A-F93E-4841-A43F-4CF71CE7F4ED}
	EndGlobalSection
EndGlobal
