
Microsoft Visual Studio Solution File, Format Version 12.00
# Visual Studio Version 16
VisualStudioVersion = 16.0.32407.337
MinimumVisualStudioVersion = 10.0.40219.1
Project("{FAE04EC0-301F-11D3-BF4B-00C04F79EFBC}") = "nGrandescRetorno", "nGrandescRetorno\nGrandescRetorno.csproj", "{36D841D0-7BBE-4F7C-AE46-BD1C5CB495BC}"
EndProject
Global
	GlobalSection(SolutionConfigurationPlatforms) = preSolution
		Debug|Any CPU = Debug|Any CPU
		Release|Any CPU = Release|Any CPU
	EndGlobalSection
	GlobalSection(ProjectConfigurationPlatforms) = postSolution
		{36D841D0-7BBE-4F7C-AE46-BD1C5CB495BC}.Debug|Any CPU.ActiveCfg = Debug|Any CPU
		{36D841D0-7BBE-4F7C-AE46-BD1C5CB495BC}.Debug|Any CPU.Build.0 = Debug|Any CPU
		{36D841D0-7BBE-4F7C-AE46-BD1C5CB495BC}.Release|Any CPU.ActiveCfg = Release|Any CPU
		{36D841D0-7BBE-4F7C-AE46-BD1C5CB495BC}.Release|Any CPU.Build.0 = Release|Any CPU
	EndGlobalSection
	GlobalSection(SolutionProperties) = preSolution
		HideSolutionNode = FALSE
	EndGlobalSection
	GlobalSection(ExtensibilityGlobals) = postSolution
		SolutionGuid = {DBFC027C-CE8A-4BC8-A73C-F7A6F34E3B67}
	EndGlobalSection
EndGlobal
