
Microsoft Visual Studio Solution File, Format Version 12.00
# Visual Studio Version 16
VisualStudioVersion = 16.0.32407.337
MinimumVisualStudioVersion = 10.0.40219.1
Project("{FAE04EC0-301F-11D3-BF4B-00C04F79EFBC}") = "exercicio4", "exercicio4\exercicio4.csproj", "{D42F12C4-0369-4AFE-952E-B649BF07729C}"
EndProject
Global
	GlobalSection(SolutionConfigurationPlatforms) = preSolution
		Debug|Any CPU = Debug|Any CPU
		Release|Any CPU = Release|Any CPU
	EndGlobalSection
	GlobalSection(ProjectConfigurationPlatforms) = postSolution
		{D42F12C4-0369-4AFE-952E-B649BF07729C}.Debug|Any CPU.ActiveCfg = Debug|Any CPU
		{D42F12C4-0369-4AFE-952E-B649BF07729C}.Debug|Any CPU.Build.0 = Debug|Any CPU
		{D42F12C4-0369-4AFE-952E-B649BF07729C}.Release|Any CPU.ActiveCfg = Release|Any CPU
		{D42F12C4-0369-4AFE-952E-B649BF07729C}.Release|Any CPU.Build.0 = Release|Any CPU
	EndGlobalSection
	GlobalSection(SolutionProperties) = preSolution
		HideSolutionNode = FALSE
	EndGlobalSection
	GlobalSection(ExtensibilityGlobals) = postSolution
		SolutionGuid = {DD0E078F-0462-41E5-8A2E-C1F94B1FFF70}
	EndGlobalSection
EndGlobal
