
Microsoft Visual Studio Solution File, Format Version 12.00
# Visual Studio Version 16
VisualStudioVersion = 16.0.32407.337
MinimumVisualStudioVersion = 10.0.40219.1
Project("{FAE04EC0-301F-11D3-BF4B-00C04F79EFBC}") = "interfacerevisao", "interfacerevisao\interfacerevisao.csproj", "{52F7B90D-4B74-4C3F-BF1A-C673E6A49B30}"
EndProject
Global
	GlobalSection(SolutionConfigurationPlatforms) = preSolution
		Debug|Any CPU = Debug|Any CPU
		Release|Any CPU = Release|Any CPU
	EndGlobalSection
	GlobalSection(ProjectConfigurationPlatforms) = postSolution
		{52F7B90D-4B74-4C3F-BF1A-C673E6A49B30}.Debug|Any CPU.ActiveCfg = Debug|Any CPU
		{52F7B90D-4B74-4C3F-BF1A-C673E6A49B30}.Debug|Any CPU.Build.0 = Debug|Any CPU
		{52F7B90D-4B74-4C3F-BF1A-C673E6A49B30}.Release|Any CPU.ActiveCfg = Release|Any CPU
		{52F7B90D-4B74-4C3F-BF1A-C673E6A49B30}.Release|Any CPU.Build.0 = Release|Any CPU
	EndGlobalSection
	GlobalSection(SolutionProperties) = preSolution
		HideSolutionNode = FALSE
	EndGlobalSection
	GlobalSection(ExtensibilityGlobals) = postSolution
		SolutionGuid = {F7309EC2-8EBA-4AA8-BD32-B722DB7C32B6}
	EndGlobalSection
EndGlobal
