
Microsoft Visual Studio Solution File, Format Version 12.00
# Visual Studio Version 16
VisualStudioVersion = 16.0.32407.337
MinimumVisualStudioVersion = 10.0.40219.1
Project("{FAE04EC0-301F-11D3-BF4B-00C04F79EFBC}") = "Vetor", "Vetor\Vetor.csproj", "{411FDF04-0C91-4A2F-B147-7AE34F81A307}"
EndProject
Global
	GlobalSection(SolutionConfigurationPlatforms) = preSolution
		Debug|Any CPU = Debug|Any CPU
		Release|Any CPU = Release|Any CPU
	EndGlobalSection
	GlobalSection(ProjectConfigurationPlatforms) = postSolution
		{411FDF04-0C91-4A2F-B147-7AE34F81A307}.Debug|Any CPU.ActiveCfg = Debug|Any CPU
		{411FDF04-0C91-4A2F-B147-7AE34F81A307}.Debug|Any CPU.Build.0 = Debug|Any CPU
		{411FDF04-0C91-4A2F-B147-7AE34F81A307}.Release|Any CPU.ActiveCfg = Release|Any CPU
		{411FDF04-0C91-4A2F-B147-7AE34F81A307}.Release|Any CPU.Build.0 = Release|Any CPU
	EndGlobalSection
	GlobalSection(SolutionProperties) = preSolution
		HideSolutionNode = FALSE
	EndGlobalSection
	GlobalSection(ExtensibilityGlobals) = postSolution
		SolutionGuid = {974B044C-3396-4355-B0F6-31FE8C6D0982}
	EndGlobalSection
EndGlobal
