
Microsoft Visual Studio Solution File, Format Version 12.00
# Visual Studio Version 16
VisualStudioVersion = 16.0.32407.337
MinimumVisualStudioVersion = 10.0.40219.1
Project("{FAE04EC0-301F-11D3-BF4B-00C04F79EFBC}") = "exercicio 5 desconto", "exercicio 5 desconto\exercicio 5 desconto.csproj", "{77B39C98-0BFC-4955-B79B-9345D811FC01}"
EndProject
Global
	GlobalSection(SolutionConfigurationPlatforms) = preSolution
		Debug|Any CPU = Debug|Any CPU
		Release|Any CPU = Release|Any CPU
	EndGlobalSection
	GlobalSection(ProjectConfigurationPlatforms) = postSolution
		{77B39C98-0BFC-4955-B79B-9345D811FC01}.Debug|Any CPU.ActiveCfg = Debug|Any CPU
		{77B39C98-0BFC-4955-B79B-9345D811FC01}.Debug|Any CPU.Build.0 = Debug|Any CPU
		{77B39C98-0BFC-4955-B79B-9345D811FC01}.Release|Any CPU.ActiveCfg = Release|Any CPU
		{77B39C98-0BFC-4955-B79B-9345D811FC01}.Release|Any CPU.Build.0 = Release|Any CPU
	EndGlobalSection
	GlobalSection(SolutionProperties) = preSolution
		HideSolutionNode = FALSE
	EndGlobalSection
	GlobalSection(ExtensibilityGlobals) = postSolution
		SolutionGuid = {F7BA6DBF-C970-46A3-A69E-E9E7462D163F}
	EndGlobalSection
EndGlobal
