
Microsoft Visual Studio Solution File, Format Version 12.00
# Visual Studio Version 16
VisualStudioVersion = 16.0.32407.337
MinimumVisualStudioVersion = 10.0.40219.1
Project("{FAE04EC0-301F-11D3-BF4B-00C04F79EFBC}") = "WebApplication2", "WebApplication2\WebApplication2.csproj", "{7F14CC8A-BB66-4E77-87DF-CE509C1AF2B0}"
EndProject
Global
	GlobalSection(SolutionConfigurationPlatforms) = preSolution
		Debug|Any CPU = Debug|Any CPU
		Release|Any CPU = Release|Any CPU
	EndGlobalSection
	GlobalSection(ProjectConfigurationPlatforms) = postSolution
		{7F14CC8A-BB66-4E77-87DF-CE509C1AF2B0}.Debug|Any CPU.ActiveCfg = Debug|Any CPU
		{7F14CC8A-BB66-4E77-87DF-CE509C1AF2B0}.Debug|Any CPU.Build.0 = Debug|Any CPU
		{7F14CC8A-BB66-4E77-87DF-CE509C1AF2B0}.Release|Any CPU.ActiveCfg = Release|Any CPU
		{7F14CC8A-BB66-4E77-87DF-CE509C1AF2B0}.Release|Any CPU.Build.0 = Release|Any CPU
	EndGlobalSection
	GlobalSection(SolutionProperties) = preSolution
		HideSolutionNode = FALSE
	EndGlobalSection
	GlobalSection(ExtensibilityGlobals) = postSolution
		SolutionGuid = {6E30D1C0-CB02-44BD-A5AA-5E6F7581C40F}
	EndGlobalSection
EndGlobal
