
Microsoft Visual Studio Solution File, Format Version 12.00
# Visual Studio Version 16
VisualStudioVersion = 16.0.32407.337
MinimumVisualStudioVersion = 10.0.40219.1
Project("{FAE04EC0-301F-11D3-BF4B-00C04F79EFBC}") = "api123", "api123\api123.csproj", "{C3C87B05-3160-40A5-B039-282BB5FED449}"
EndProject
Global
	GlobalSection(SolutionConfigurationPlatforms) = preSolution
		Debug|Any CPU = Debug|Any CPU
		Release|Any CPU = Release|Any CPU
	EndGlobalSection
	GlobalSection(ProjectConfigurationPlatforms) = postSolution
		{C3C87B05-3160-40A5-B039-282BB5FED449}.Debug|Any CPU.ActiveCfg = Debug|Any CPU
		{C3C87B05-3160-40A5-B039-282BB5FED449}.Debug|Any CPU.Build.0 = Debug|Any CPU
		{C3C87B05-3160-40A5-B039-282BB5FED449}.Release|Any CPU.ActiveCfg = Release|Any CPU
		{C3C87B05-3160-40A5-B039-282BB5FED449}.Release|Any CPU.Build.0 = Release|Any CPU
	EndGlobalSection
	GlobalSection(SolutionProperties) = preSolution
		HideSolutionNode = FALSE
	EndGlobalSection
	GlobalSection(ExtensibilityGlobals) = postSolution
		SolutionGuid = {154856CA-3B42-4041-904B-9AFB6FA8848A}
	EndGlobalSection
EndGlobal
