
Microsoft Visual Studio Solution File, Format Version 12.00
# Visual Studio Version 16
VisualStudioVersion = 16.0.32407.337
MinimumVisualStudioVersion = 10.0.40219.1
Project("{FAE04EC0-301F-11D3-BF4B-00C04F79EFBC}") = "Objetos", "Objetos\Objetos.csproj", "{09FAD3F3-EC89-4F78-9D4D-82389CB2BD05}"
EndProject
Global
	GlobalSection(SolutionConfigurationPlatforms) = preSolution
		Debug|Any CPU = Debug|Any CPU
		Release|Any CPU = Release|Any CPU
	EndGlobalSection
	GlobalSection(ProjectConfigurationPlatforms) = postSolution
		{09FAD3F3-EC89-4F78-9D4D-82389CB2BD05}.Debug|Any CPU.ActiveCfg = Debug|Any CPU
		{09FAD3F3-EC89-4F78-9D4D-82389CB2BD05}.Debug|Any CPU.Build.0 = Debug|Any CPU
		{09FAD3F3-EC89-4F78-9D4D-82389CB2BD05}.Release|Any CPU.ActiveCfg = Release|Any CPU
		{09FAD3F3-EC89-4F78-9D4D-82389CB2BD05}.Release|Any CPU.Build.0 = Release|Any CPU
	EndGlobalSection
	GlobalSection(SolutionProperties) = preSolution
		HideSolutionNode = FALSE
	EndGlobalSection
	GlobalSection(ExtensibilityGlobals) = postSolution
		SolutionGuid = {FA7D6C41-EDA6-46AF-9099-A63FF6FB0FB0}
	EndGlobalSection
EndGlobal
