
Microsoft Visual Studio Solution File, Format Version 12.00
# Visual Studio Version 16
VisualStudioVersion = 16.0.32407.337
MinimumVisualStudioVersion = 10.0.40219.1
Project("{FAE04EC0-301F-11D3-BF4B-00C04F79EFBC}") = "numerosrepetidosvetor", "numerosrepetidosvetor\numerosrepetidosvetor.csproj", "{DF7CA373-5AC3-46D6-ACEF-4E86503EC7E7}"
EndProject
Global
	GlobalSection(SolutionConfigurationPlatforms) = preSolution
		Debug|Any CPU = Debug|Any CPU
		Release|Any CPU = Release|Any CPU
	EndGlobalSection
	GlobalSection(ProjectConfigurationPlatforms) = postSolution
		{DF7CA373-5AC3-46D6-ACEF-4E86503EC7E7}.Debug|Any CPU.ActiveCfg = Debug|Any CPU
		{DF7CA373-5AC3-46D6-ACEF-4E86503EC7E7}.Debug|Any CPU.Build.0 = Debug|Any CPU
		{DF7CA373-5AC3-46D6-ACEF-4E86503EC7E7}.Release|Any CPU.ActiveCfg = Release|Any CPU
		{DF7CA373-5AC3-46D6-ACEF-4E86503EC7E7}.Release|Any CPU.Build.0 = Release|Any CPU
	EndGlobalSection
	GlobalSection(SolutionProperties) = preSolution
		HideSolutionNode = FALSE
	EndGlobalSection
	GlobalSection(ExtensibilityGlobals) = postSolution
		SolutionGuid = {7439EF91-6FB5-498B-A038-3CB7E2564F8A}
	EndGlobalSection
EndGlobal
