
Microsoft Visual Studio Solution File, Format Version 12.00
# Visual Studio Version 16
VisualStudioVersion = 16.0.32407.337
MinimumVisualStudioVersion = 10.0.40219.1
Project("{FAE04EC0-301F-11D3-BF4B-00C04F79EFBC}") = "apiiEmpreiteira", "apiiEmpreiteira\apiiEmpreiteira.csproj", "{1F2F8637-239F-4C3D-8974-98064134C52C}"
EndProject
Global
	GlobalSection(SolutionConfigurationPlatforms) = preSolution
		Debug|Any CPU = Debug|Any CPU
		Release|Any CPU = Release|Any CPU
	EndGlobalSection
	GlobalSection(ProjectConfigurationPlatforms) = postSolution
		{1F2F8637-239F-4C3D-8974-98064134C52C}.Debug|Any CPU.ActiveCfg = Debug|Any CPU
		{1F2F8637-239F-4C3D-8974-98064134C52C}.Debug|Any CPU.Build.0 = Debug|Any CPU
		{1F2F8637-239F-4C3D-8974-98064134C52C}.Release|Any CPU.ActiveCfg = Release|Any CPU
		{1F2F8637-239F-4C3D-8974-98064134C52C}.Release|Any CPU.Build.0 = Release|Any CPU
	EndGlobalSection
	GlobalSection(SolutionProperties) = preSolution
		HideSolutionNode = FALSE
	EndGlobalSection
	GlobalSection(ExtensibilityGlobals) = postSolution
		SolutionGuid = {2C1BC01C-70DD-40FC-9BC8-ED24B29B8E3F}
	EndGlobalSection
EndGlobal
