
Microsoft Visual Studio Solution File, Format Version 12.00
# Visual Studio Version 16
VisualStudioVersion = 16.0.32407.337
MinimumVisualStudioVersion = 10.0.40219.1
Project("{FAE04EC0-301F-11D3-BF4B-00C04F79EFBC}") = "csharp-entra21", "csharp-entra21\csharp-entra21.csproj", "{C5CE2B93-DD60-4658-8F15-7B014C38499D}"
EndProject
Global
	GlobalSection(SolutionConfigurationPlatforms) = preSolution
		Debug|Any CPU = Debug|Any CPU
		Release|Any CPU = Release|Any CPU
	EndGlobalSection
	GlobalSection(ProjectConfigurationPlatforms) = postSolution
		{C5CE2B93-DD60-4658-8F15-7B014C38499D}.Debug|Any CPU.ActiveCfg = Debug|Any CPU
		{C5CE2B93-DD60-4658-8F15-7B014C38499D}.Debug|Any CPU.Build.0 = Debug|Any CPU
		{C5CE2B93-DD60-4658-8F15-7B014C38499D}.Release|Any CPU.ActiveCfg = Release|Any CPU
		{C5CE2B93-DD60-4658-8F15-7B014C38499D}.Release|Any CPU.Build.0 = Release|Any CPU
	EndGlobalSection
	GlobalSection(SolutionProperties) = preSolution
		HideSolutionNode = FALSE
	EndGlobalSection
	GlobalSection(ExtensibilityGlobals) = postSolution
		SolutionGuid = {7E44360D-BB88-43C5-9033-EE4650522571}
	EndGlobalSection
EndGlobal
