
Microsoft Visual Studio Solution File, Format Version 12.00
# Visual Studio Version 16
VisualStudioVersion = 16.0.32407.337
MinimumVisualStudioVersion = 10.0.40219.1
Project("{FAE04EC0-301F-11D3-BF4B-00C04F79EFBC}") = "mmc", "mmc\mmc.csproj", "{B1B92781-17CA-44CD-9433-EE6EA7B9C805}"
EndProject
Global
	GlobalSection(SolutionConfigurationPlatforms) = preSolution
		Debug|Any CPU = Debug|Any CPU
		Release|Any CPU = Release|Any CPU
	EndGlobalSection
	GlobalSection(ProjectConfigurationPlatforms) = postSolution
		{B1B92781-17CA-44CD-9433-EE6EA7B9C805}.Debug|Any CPU.ActiveCfg = Debug|Any CPU
		{B1B92781-17CA-44CD-9433-EE6EA7B9C805}.Debug|Any CPU.Build.0 = Debug|Any CPU
		{B1B92781-17CA-44CD-9433-EE6EA7B9C805}.Release|Any CPU.ActiveCfg = Release|Any CPU
		{B1B92781-17CA-44CD-9433-EE6EA7B9C805}.Release|Any CPU.Build.0 = Release|Any CPU
	EndGlobalSection
	GlobalSection(SolutionProperties) = preSolution
		HideSolutionNode = FALSE
	EndGlobalSection
	GlobalSection(ExtensibilityGlobals) = postSolution
		SolutionGuid = {E38545C8-60C5-42B1-90D3-C9681A47F1EA}
	EndGlobalSection
EndGlobal
